Microsoft Visual Studio Solution File, Format Version 12.00
# Visual Studio Version 17
VisualStudioVersion = 17.5.2.0
MinimumVisualStudioVersion = 10.0.40219.1
Project("{FAE04EC0-301F-11D3-BF4B-00C04F79EFBC}") = "07operadores_aritimericos", "07operadores_aritimericos.csproj", "{70D932F0-7958-FD0A-F68E-9CAE469CDD2D}"
EndProject
Global
	GlobalSection(SolutionConfigurationPlatforms) = preSolution
		Debug|Any CPU = Debug|Any CPU
		Release|Any CPU = Release|Any CPU
	EndGlobalSection
	GlobalSection(ProjectConfigurationPlatforms) = postSolution
		{70D932F0-7958-FD0A-F68E-9CAE469CDD2D}.Debug|Any CPU.ActiveCfg = Debug|Any CPU
		{70D932F0-7958-FD0A-F68E-9CAE469CDD2D}.Debug|Any CPU.Build.0 = Debug|Any CPU
		{70D932F0-7958-FD0A-F68E-9CAE469CDD2D}.Release|Any CPU.ActiveCfg = Release|Any CPU
		{70D932F0-7958-FD0A-F68E-9CAE469CDD2D}.Release|Any CPU.Build.0 = Release|Any CPU
	EndGlobalSection
	GlobalSection(SolutionProperties) = preSolution
		HideSolutionNode = FALSE
	EndGlobalSection
	GlobalSection(ExtensibilityGlobals) = postSolution
		SolutionGuid = {77CAF3FF-76BD-44BE-BC8C-3C421A1D53B5}
	EndGlobalSection
EndGlobal
